// !$*UTF8*$!
{
	archiveVersion = 1;
	classes = {
	};
	objectVersion = 50;
	objects = {

/* Begin PBXBuildFile section */
		9A18950921DF3FA000743FD1 /* AppDelegate.swift in Sources */ = {isa = PBXBuildFile; fileRef = 9A18950821DF3FA000743FD1 /* AppDelegate.swift */; };
		9A18950B21DF3FA000743FD1 /* ViewController.swift in Sources */ = {isa = PBXBuildFile; fileRef = 9A18950A21DF3FA000743FD1 /* ViewController.swift */; };
		9A18950E21DF3FA000743FD1 /* Main.storyboard in Resources */ = {isa = PBXBuildFile; fileRef = 9A18950C21DF3FA000743FD1 /* Main.storyboard */; };
		9A18951021DF3FA200743FD1 /* Assets.xcassets in Resources */ = {isa = PBXBuildFile; fileRef = 9A18950F21DF3FA200743FD1 /* Assets.xcassets */; };
		9A18951321DF3FA200743FD1 /* LaunchScreen.storyboard in Resources */ = {isa = PBXBuildFile; fileRef = 9A18951121DF3FA200743FD1 /* LaunchScreen.storyboard */; };
		9A18951E21DF3FA200743FD1 /* douyuTests.swift in Sources */ = {isa = PBXBuildFile; fileRef = 9A18951D21DF3FA200743FD1 /* douyuTests.swift */; };
		9A18952921DF3FA200743FD1 /* douyuUITests.swift in Sources */ = {isa = PBXBuildFile; fileRef = 9A18952821DF3FA200743FD1 /* douyuUITests.swift */; };
/* End PBXBuildFile section */

/* Begin PBXContainerItemProxy section */
		9A18951A21DF3FA200743FD1 /* PBXContainerItemProxy */ = {
			isa = PBXContainerItemProxy;
			containerPortal = 9A1894FD21DF3FA000743FD1 /* Project object */;
			proxyType = 1;
			remoteGlobalIDString = 9A18950421DF3FA000743FD1;
			remoteInfo = douyu;
		};
		9A18952521DF3FA200743FD1 /* PBXContainerItemProxy */ = {
			isa = PBXContainerItemProxy;
			containerPortal = 9A1894FD21DF3FA000743FD1 /* Project object */;
			proxyType = 1;
			remoteGlobalIDString = 9A18950421DF3FA000743FD1;
			remoteInfo = douyu;
		};
/* End PBXContainerItemProxy section */

/* Begin PBXFileReference section */
		9A18950521DF3FA000743FD1 /* douyu.app */ = {isa = PBXFileReference; explicitFileType = wrapper.application; includeInIndex = 0; path = douyu.app; sourceTree = BUILT_PRODUCTS_DIR; };
		9A18950821DF3FA000743FD1 /* AppDelegate.swift */ = {isa = PBXFileReference; lastKnownFileType = sourcecode.swift; path = AppDelegate.swift; sourceTree = "<group>"; };
		9A18950A21DF3FA000743FD1 /* ViewController.swift */ = {isa = PBXFileReference; lastKnownFileType = sourcecode.swift; path = ViewController.swift; sourceTree = "<group>"; };
		9A18950D21DF3FA000743FD1 /* Base */ = {isa = PBXFileReference; lastKnownFileType = file.storyboard; name = Base; path = Base.lproj/Main.storyboard; sourceTree = "<group>"; };
		9A18950F21DF3FA200743FD1 /* Assets.xcassets */ = {isa = PBXFileReference; lastKnownFileType = folder.assetcatalog; path = Assets.xcassets; sourceTree = "<group>"; };
		9A18951221DF3FA200743FD1 /* Base */ = {isa = PBXFileReference; lastKnownFileType = file.storyboard; name = Base; path = Base.lproj/LaunchScreen.storyboard; sourceTree = "<group>"; };
		9A18951421DF3FA200743FD1 /* Info.plist */ = {isa = PBXFileReference; lastKnownFileType = text.plist.xml; path = Info.plist; sourceTree = "<group>"; };
		9A18951921DF3FA200743FD1 /* douyuTests.xctest */ = {isa = PBXFileReference; explicitFileType = wrapper.cfbundle; includeInIndex = 0; path = douyuTests.xctest; sourceTree = BUILT_PRODUCTS_DIR; };
		9A18951D21DF3FA200743FD1 /* douyuTests.swift */ = {isa = PBXFileReference; lastKnownFileType = sourcecode.swift; path = douyuTests.swift; sourceTree = "<group>"; };
		9A18951F21DF3FA200743FD1 /* Info.plist */ = {isa = PBXFileReference; lastKnownFileType = text.plist.xml; path = Info.plist; sourceTree = "<group>"; };
		9A18952421DF3FA200743FD1 /* douyuUITests.xctest */ = {isa = PBXFileReference; explicitFileType = wrapper.cfbundle; includeInIndex = 0; path = douyuUITests.xctest; sourceTree = BUILT_PRODUCTS_DIR; };
		9A18952821DF3FA200743FD1 /* douyuUITests.swift */ = {isa = PBXFileReference; lastKnownFileType = sourcecode.swift; path = douyuUITests.swift; sourceTree = "<group>"; };
		9A18952A21DF3FA200743FD1 /* Info.plist */ = {isa = PBXFileReference; lastKnownFileType = text.plist.xml; path = Info.plist; sourceTree = "<group>"; };
/* End PBXFileReference section */

/* Begin PBXFrameworksBuildPhase section */
		9A18950221DF3FA000743FD1 /* Frameworks */ = {
			isa = PBXFrameworksBuildPhase;
			buildActionMask = 2147483647;
			files = (
			);
			runOnlyForDeploymentPostprocessing = 0;
		};
		9A18951621DF3FA200743FD1 /* Frameworks */ = {
			isa = PBXFrameworksBuildPhase;
			buildActionMask = 2147483647;
			files = (
			);
			runOnlyForDeploymentPostprocessing = 0;
		};
		9A18952121DF3FA200743FD1 /* Frameworks */ = {
			isa = PBXFrameworksBuildPhase;
			buildActionMask = 2147483647;
			files = (
			);
			runOnlyForDeploymentPostprocessing = 0;
		};
/* End PBXFrameworksBuildPhase section */

/* Begin PBXGroup section */
		9A1894FC21DF3FA000743FD1 = {
			isa = PBXGroup;
			children = (
				9A18950721DF3FA000743FD1 /* douyu */,
				9A18951C21DF3FA200743FD1 /* douyuTests */,
				9A18952721DF3FA200743FD1 /* douyuUITests */,
				9A18950621DF3FA000743FD1 /* Products */,
			);
			sourceTree = "<group>";
		};
		9A18950621DF3FA000743FD1 /* Products */ = {
			isa = PBXGroup;
			children = (
				9A18950521DF3FA000743FD1 /* douyu.app */,
				9A18951921DF3FA200743FD1 /* douyuTests.xctest */,
				9A18952421DF3FA200743FD1 /* douyuUITests.xctest */,
			);
			name = Products;
			sourceTree = "<group>";
		};
		9A18950721DF3FA000743FD1 /* douyu */ = {
			isa = PBXGroup;
			children = (
				9A18953621DF4C4900743FD1 /* Classes */,
				9A18950821DF3FA000743FD1 /* AppDelegate.swift */,
				9A18950A21DF3FA000743FD1 /* ViewController.swift */,
				9A18950C21DF3FA000743FD1 /* Main.storyboard */,
				9A18950F21DF3FA200743FD1 /* Assets.xcassets */,
				9A18951121DF3FA200743FD1 /* LaunchScreen.storyboard */,
				9A18951421DF3FA200743FD1 /* Info.plist */,
			);
			path = douyu;
			sourceTree = "<group>";
		};
		9A18951C21DF3FA200743FD1 /* douyuTests */ = {
			isa = PBXGroup;
			children = (
				9A18951D21DF3FA200743FD1 /* douyuTests.swift */,
				9A18951F21DF3FA200743FD1 /* Info.plist */,
			);
			path = douyuTests;
			sourceTree = "<group>";
		};
		9A18952721DF3FA200743FD1 /* douyuUITests */ = {
			isa = PBXGroup;
			children = (
				9A18952821DF3FA200743FD1 /* douyuUITests.swift */,
				9A18952A21DF3FA200743FD1 /* Info.plist */,
			);
			path = douyuUITests;
			sourceTree = "<group>";
		};
		9A18953621DF4C4900743FD1 /* Classes */ = {
			isa = PBXGroup;
			children = (
				9A18953721DF4C4900743FD1 /* Home */,
				9A18953821DF4C4900743FD1 /* Tools */,
				9A18953921DF4C4900743FD1 /* Profile */,
				9A18953A21DF4C4900743FD1 /* My */,
				9A18953B21DF4C4900743FD1 /* Main */,
				9A18953C21DF4C4900743FD1 /* Five */,
			);
			path = Classes;
			sourceTree = "<group>";
		};
		9A18953721DF4C4900743FD1 /* Home */ = {
			isa = PBXGroup;
			children = (
			);
			path = Home;
			sourceTree = "<group>";
		};
		9A18953821DF4C4900743FD1 /* Tools */ = {
			isa = PBXGroup;
			children = (
			);
			path = Tools;
			sourceTree = "<group>";
		};
		9A18953921DF4C4900743FD1 /* Profile */ = {
			isa = PBXGroup;
			children = (
			);
			path = Profile;
			sourceTree = "<group>";
		};
		9A18953A21DF4C4900743FD1 /* My */ = {
			isa = PBXGroup;
			children = (
			);
			path = My;
			sourceTree = "<group>";
		};
		9A18953B21DF4C4900743FD1 /* Main */ = {
			isa = PBXGroup;
			children = (
			);
			path = Main;
			sourceTree = "<group>";
		};
		9A18953C21DF4C4900743FD1 /* Five */ = {
			isa = PBXGroup;
			children = (
			);
			path = Five;
			sourceTree = "<group>";
		};
/* End PBXGroup section */

/* Begin PBXNativeTarget section */
		9A18950421DF3FA000743FD1 /* douyu */ = {
			isa = PBXNativeTarget;
			buildConfigurationList = 9A18952D21DF3FA200743FD1 /* Build configuration list for PBXNativeTarget "douyu" */;
			buildPhases = (
				9A18950121DF3FA000743FD1 /* Sources */,
				9A18950221DF3FA000743FD1 /* Frameworks */,
				9A18950321DF3FA000743FD1 /* Resources */,
			);
			buildRules = (
			);
			dependencies = (
			);
			name = douyu;
			productName = douyu;
			productReference = 9A18950521DF3FA000743FD1 /* douyu.app */;
			productType = "com.apple.product-type.application";
		};
		9A18951821DF3FA200743FD1 /* douyuTests */ = {
			isa = PBXNativeTarget;
			buildConfigurationList = 9A18953021DF3FA200743FD1 /* Build configuration list for PBXNativeTarget "douyuTests" */;
			buildPhases = (
				9A18951521DF3FA200743FD1 /* Sources */,
				9A18951621DF3FA200743FD1 /* Frameworks */,
				9A18951721DF3FA200743FD1 /* Resources */,
			);
			buildRules = (
			);
			dependencies = (
				9A18951B21DF3FA200743FD1 /* PBXTargetDependency */,
			);
			name = douyuTests;
			productName = douyuTests;
			productReference = 9A18951921DF3FA200743FD1 /* douyuTests.xctest */;
			productType = "com.apple.product-type.bundle.unit-test";
		};
		9A18952321DF3FA200743FD1 /* douyuUITests */ = {
			isa = PBXNativeTarget;
			buildConfigurationList = 9A18953321DF3FA200743FD1 /* Build configuration list for PBXNativeTarget "douyuUITests" */;
			buildPhases = (
				9A18952021DF3FA200743FD1 /* Sources */,
				9A18952121DF3FA200743FD1 /* Frameworks */,
				9A18952221DF3FA200743FD1 /* Resources */,
			);
			buildRules = (
			);
			dependencies = (
				9A18952621DF3FA200743FD1 /* PBXTargetDependency */,
			);
			name = douyuUITests;
			productName = douyuUITests;
			productReference = 9A18952421DF3FA200743FD1 /* douyuUITests.xctest */;
			productType = "com.apple.product-type.bundle.ui-testing";
		};
/* End PBXNativeTarget section */

/* Begin PBXProject section */
		9A1894FD21DF3FA000743FD1 /* Project object */ = {
			isa = PBXProject;
			attributes = {
				LastSwiftUpdateCheck = 1010;
				LastUpgradeCheck = 1010;
				ORGANIZATIONNAME = "于";
				TargetAttributes = {
					9A18950421DF3FA000743FD1 = {
						CreatedOnToolsVersion = 10.1;
					};
					9A18951821DF3FA200743FD1 = {
						CreatedOnToolsVersion = 10.1;
						TestTargetID = 9A18950421DF3FA000743FD1;
					};
					9A18952321DF3FA200743FD1 = {
						CreatedOnToolsVersion = 10.1;
						TestTargetID = 9A18950421DF3FA000743FD1;
					};
				};
			};
			buildConfigurationList = 9A18950021DF3FA000743FD1 /* Build configuration list for PBXProject "douyu" */;
			compatibilityVersion = "Xcode 9.3";
			developmentRegion = en;
			hasScannedForEncodings = 0;
			knownRegions = (
				en,
				Base,
			);
			mainGroup = 9A1894FC21DF3FA000743FD1;
			productRefGroup = 9A18950621DF3FA000743FD1 /* Products */;
			projectDirPath = "";
			projectRoot = "";
			targets = (
				9A18950421DF3FA000743FD1 /* douyu */,
				9A18951821DF3FA200743FD1 /* douyuTests */,
				9A18952321DF3FA200743FD1 /* douyuUITests */,
			);
		};
/* End PBXProject section */

/* Begin PBXResourcesBuildPhase section */
		9A18950321DF3FA000743FD1 /* Resources */ = {
			isa = PBXResourcesBuildPhase;
			buildActionMask = 2147483647;
			files = (
				9A18951321DF3FA200743FD1 /* LaunchScreen.storyboard in Resources */,
				9A18951021DF3FA200743FD1 /* Assets.xcassets in Resources */,
				9A18950E21DF3FA000743FD1 /* Main.storyboard in Resources */,
			);
			runOnlyForDeploymentPostprocessing = 0;
		};
		9A18951721DF3FA200743FD1 /* Resources */ = {
			isa = PBXResourcesBuildPhase;
			buildActionMask = 2147483647;
			files = (
			);
			runOnlyForDeploymentPostprocessing = 0;
		};
		9A18952221DF3FA200743FD1 /* Resources */ = {
			isa = PBXResourcesBuildPhase;
			buildActionMask = 2147483647;
			files = (
			);
			runOnlyForDeploymentPostprocessing = 0;
		};
/* End PBXResourcesBuildPhase section */

/* Begin PBXSourcesBuildPhase section */
		9A18950121DF3FA000743FD1 /* Sources */ = {
			isa = PBXSourcesBuildPhase;
			buildActionMask = 2147483647;
			files = (
				9A18950B21DF3FA000743FD1 /* ViewController.swift in Sources */,
				9A18950921DF3FA000743FD1 /* AppDelegate.swift in Sources */,
			);
			runOnlyForDeploymentPostprocessing = 0;
		};
		9A18951521DF3FA200743FD1 /* Sources */ = {
			isa = PBXSourcesBuildPhase;
			buildActionMask = 2147483647;
			files = (
				9A18951E21DF3FA200743FD1 /* douyuTests.swift in Sources */,
			);
			runOnlyForDeploymentPostprocessing = 0;
		};
		9A18952021DF3FA200743FD1 /* Sources */ = {
			isa = PBXSourcesBuildPhase;
			buildActionMask = 2147483647;
			files = (
				9A18952921DF3FA200743FD1 /* douyuUITests.swift in Sources */,
			);
			runOnlyForDeploymentPostprocessing = 0;
		};
/* End PBXSourcesBuildPhase section */

/* Begin PBXTargetDependency section */
		9A18951B21DF3FA200743FD1 /* PBXTargetDependency */ = {
			isa = PBXTargetDependency;
			target = 9A18950421DF3FA000743FD1 /* douyu */;
			targetProxy = 9A18951A21DF3FA200743FD1 /* PBXContainerItemProxy */;
		};
		9A18952621DF3FA200743FD1 /* PBXTargetDependency */ = {
			isa = PBXTargetDependency;
			target = 9A18950421DF3FA000743FD1 /* douyu */;
			targetProxy = 9A18952521DF3FA200743FD1 /* PBXContainerItemProxy */;
		};
/* End PBXTargetDependency section */

/* Begin PBXVariantGroup section */
		9A18950C21DF3FA000743FD1 /* Main.storyboard */ = {
			isa = PBXVariantGroup;
			children = (
				9A18950D21DF3FA000743FD1 /* Base */,
			);
			name = Main.storyboard;
			sourceTree = "<group>";
		};
		9A18951121DF3FA200743FD1 /* LaunchScreen.storyboard */ = {
			isa = PBXVariantGroup;
			children = (
				9A18951221DF3FA200743FD1 /* Base */,
			);
			name = LaunchScreen.storyboard;
			sourceTree = "<group>";
		};
/* End PBXVariantGroup section */

/* Begin XCBuildConfiguration section */
		9A18952B21DF3FA200743FD1 /* Debug */ = {
			isa = XCBuildConfiguration;
			buildSettings = {
				ALWAYS_SEARCH_USER_PATHS = NO;
				CLANG_ANALYZER_NONNULL = YES;
				CLANG_ANALYZER_NUMBER_OBJECT_CONVERSION = YES_AGGRESSIVE;
				CLANG_CXX_LANGUAGE_STANDARD = "gnu++14";
				CLANG_CXX_LIBRARY = "libc++";
				CLANG_ENABLE_MODULES = YES;
				CLANG_ENABLE_OBJC_ARC = YES;
				CLANG_ENABLE_OBJC_WEAK = YES;
				CLANG_WARN_BLOCK_CAPTURE_AUTORELEASING = YES;
				CLANG_WARN_BOOL_CONVERSION = YES;
				CLANG_WARN_COMMA = YES;
				CLANG_WARN_CONSTANT_CONVERSION = YES;
				CLANG_WARN_DEPRECATED_OBJC_IMPLEMENTATIONS = YES;
				CLANG_WARN_DIRECT_OBJC_ISA_USAGE = YES_ERROR;
				CLANG_WARN_DOCUMENTATION_COMMENTS = YES;
				CLANG_WARN_EMPTY_BODY = YES;
				CLANG_WARN_ENUM_CONVERSION = YES;
				CLANG_WARN_INFINITE_RECURSION = YES;
				CLANG_WARN_INT_CONVERSION = YES;
				CLANG_WARN_NON_LITERAL_NULL_CONVERSION = YES;
				CLANG_WARN_OBJC_IMPLICIT_RETAIN_SELF = YES;
				CLANG_WARN_OBJC_LITERAL_CONVERSION = YES;
				CLANG_WARN_OBJC_ROOT_CLASS = YES_ERROR;
				CLANG_WARN_RANGE_LOOP_ANALYSIS = YES;
				CLANG_WARN_STRICT_PROTOTYPES = YES;
				CLANG_WARN_SUSPICIOUS_MOVE = YES;
				CLANG_WARN_UNGUARDED_AVAILABILITY = YES_AGGRESSIVE;
				CLANG_WARN_UNREACHABLE_CODE = YES;
				CLANG_WARN__DUPLICATE_METHOD_MATCH = YES;
				CODE_SIGN_IDENTITY = "iPhone Developer";
				COPY_PHASE_STRIP = NO;
				DEBUG_INFORMATION_FORMAT = dwarf;
				ENABLE_STRICT_OBJC_MSGSEND = YES;
				ENABLE_TESTABILITY = YES;
				GCC_C_LANGUAGE_STANDARD = gnu11;
				GCC_DYNAMIC_NO_PIC = NO;
				GCC_NO_COMMON_BLOCKS = YES;
				GCC_OPTIMIZATION_LEVEL = 0;
				GCC_PREPROCESSOR_DEFINITIONS = (
					"DEBUG=1",
					"$(inherited)",
				);
				GCC_WARN_64_TO_32_BIT_CONVERSION = YES;
				GCC_WARN_ABOUT_RETURN_TYPE = YES_ERROR;
				GCC_WARN_UNDECLARED_SELECTOR = YES;
				GCC_WARN_UNINITIALIZED_AUTOS = YES_AGGRESSIVE;
				GCC_WARN_UNUSED_FUNCTION = YES;
				GCC_WARN_UNUSED_VARIABLE = YES;
				IPHONEOS_DEPLOYMENT_TARGET = 12.1;
				MTL_ENABLE_DEBUG_INFO = INCLUDE_SOURCE;
				MTL_FAST_MATH = YES;
				ONLY_ACTIVE_ARCH = YES;
				SDKROOT = iphoneos;
				SWIFT_ACTIVE_COMPILATION_CONDITIONS = DEBUG;
				SWIFT_OPTIMIZATION_LEVEL = "-Onone";
			};
			name = Debug;
		};
		9A18952C21DF3FA200743FD1 /* Release */ = {
			isa = XCBuildConfiguration;
			buildSettings = {
				ALWAYS_SEARCH_USER_PATHS = NO;
				CLANG_ANALYZER_NONNULL = YES;
				CLANG_ANALYZER_NUMBER_OBJECT_CONVERSION = YES_AGGRESSIVE;
				CLANG_CXX_LANGUAGE_STANDARD = "gnu++14";
				CLANG_CXX_LIBRARY = "libc++";
				CLANG_ENABLE_MODULES = YES;
				CLANG_ENABLE_OBJC_ARC = YES;
				CLANG_ENABLE_OBJC_WEAK = YES;
				CLANG_WARN_BLOCK_CAPTURE_AUTORELEASING = YES;
				CLANG_WARN_BOOL_CONVERSION = YES;
				CLANG_WARN_COMMA = YES;
				CLANG_WARN_CONSTANT_CONVERSION = YES;
				CLANG_WARN_DEPRECATED_OBJC_IMPLEMENTATIONS = YES;
				CLANG_WARN_DIRECT_OBJC_ISA_USAGE = YES_ERROR;
				CLANG_WARN_DOCUMENTATION_COMMENTS = YES;
				CLANG_WARN_EMPTY_BODY = YES;
				CLANG_WARN_ENUM_CONVERSION = YES;
				CLANG_WARN_INFINITE_RECURSION = YES;
				CLANG_WARN_INT_CONVERSION = YES;
				CLANG_WARN_NON_LITERAL_NULL_CONVERSION = YES;
				CLANG_WARN_OBJC_IMPLICIT_RETAIN_SELF = YES;
				CLANG_WARN_OBJC_LITERAL_CONVERSION = YES;
				CLANG_WARN_OBJC_ROOT_CLASS = YES_ERROR;
				CLANG_WARN_RANGE_LOOP_ANALYSIS = YES;
				CLANG_WARN_STRICT_PROTOTYPES = YES;
				CLANG_WARN_SUSPICIOUS_MOVE = YES;
				CLANG_WARN_UNGUARDED_AVAILABILITY = YES_AGGRESSIVE;
				CLANG_WARN_UNREACHABLE_CODE = YES;
				CLANG_WARN__DUPLICATE_METHOD_MATCH = YES;
				CODE_SIGN_IDENTITY = "iPhone Developer";
				COPY_PHASE_STRIP = NO;
				DEBUG_INFORMATION_FORMAT = "dwarf-with-dsym";
				ENABLE_NS_ASSERTIONS = NO;
				ENABLE_STRICT_OBJC_MSGSEND = YES;
				GCC_C_LANGUAGE_STANDARD = gnu11;
				GCC_NO_COMMON_BLOCKS = YES;
				GCC_WARN_64_TO_32_BIT_CONVERSION = YES;
				GCC_WARN_ABOUT_RETURN_TYPE = YES_ERROR;
				GCC_WARN_UNDECLARED_SELECTOR = YES;
				GCC_WARN_UNINITIALIZED_AUTOS = YES_AGGRESSIVE;
				GCC_WARN_UNUSED_FUNCTION = YES;
				GCC_WARN_UNUSED_VARIABLE = YES;
				IPHONEOS_DEPLOYMENT_TARGET = 12.1;
				MTL_ENABLE_DEBUG_INFO = NO;
				MTL_FAST_MATH = YES;
				SDKROOT = iphoneos;
				SWIFT_COMPILATION_MODE = wholemodule;
				SWIFT_OPTIMIZATION_LEVEL = "-O";
				VALIDATE_PRODUCT = YES;
			};
			name = Release;
		};
		9A18952E21DF3FA200743FD1 /* Debug */ = {
			isa = XCBuildConfiguration;
			buildSettings = {
				ASSETCATALOG_COMPILER_APPICON_NAME = AppIcon;
				ASSETCATALOG_COMPILER_LAUNCHIMAGE_NAME = LaunchImage;
				CODE_SIGN_STYLE = Automatic;
				INFOPLIST_FILE = douyu/Info.plist;
				LD_RUNPATH_SEARCH_PATHS = (
					"$(inherited)",
					"@executable_path/Frameworks",
				);
				PRODUCT_BUNDLE_IDENTIFIER = "--.douyu";
				PRODUCT_NAME = "$(TARGET_NAME)";
				SWIFT_VERSION = 4.2;
				TARGETED_DEVICE_FAMILY = "1,2";
			};
			name = Debug;
		};
		9A18952F21DF3FA200743FD1 /* Release */ = {
			isa = XCBuildConfiguration;
			buildSettings = {
				ASSETCATALOG_COMPILER_APPICON_NAME = AppIcon;
				ASSETCATALOG_COMPILER_LAUNCHIMAGE_NAME = LaunchImage;
				CODE_SIGN_STYLE = Automatic;
				INFOPLIST_FILE = douyu/Info.plist;
				LD_RUNPATH_SEARCH_PATHS = (
					"$(inherited)",
					"@executable_path/Frameworks",
				);
				PRODUCT_BUNDLE_IDENTIFIER = "--.douyu";
				PRODUCT_NAME = "$(TARGET_NAME)";
				SWIFT_VERSION = 4.2;
				TARGETED_DEVICE_FAMILY = "1,2";
			};
			name = Release;
		};
		9A18953121DF3FA200743FD1 /* Debug */ = {
			isa = XCBuildConfiguration;
			buildSettings = {
				ALWAYS_EMBED_SWIFT_STANDARD_LIBRARIES = YES;
				BUNDLE_LOADER = "$(TEST_HOST)";
				CODE_SIGN_STYLE = Automatic;
				INFOPLIST_FILE = douyuTests/Info.plist;
				LD_RUNPATH_SEARCH_PATHS = (
					"$(inherited)",
					"@executable_path/Frameworks",
					"@loader_path/Frameworks",
				);
				PRODUCT_BUNDLE_IDENTIFIER = "--.douyuTests";
				PRODUCT_NAME = "$(TARGET_NAME)";
				SWIFT_VERSION = 4.2;
				TARGETED_DEVICE_FAMILY = "1,2";
				TEST_HOST = "$(BUILT_PRODUCTS_DIR)/douyu.app/douyu";
			};
			name = Debug;
		};
		9A18953221DF3FA200743FD1 /* Release */ = {
			isa = XCBuildConfiguration;
			buildSettings = {
				ALWAYS_EMBED_SWIFT_STANDARD_LIBRARIES = YES;
				BUNDLE_LOADER = "$(TEST_HOST)";
				CODE_SIGN_STYLE = Automatic;
				INFOPLIST_FILE = douyuTests/Info.plist;
				LD_RUNPATH_SEARCH_PATHS = (
					"$(inherited)",
					"@executable_path/Frameworks",
					"@loader_path/Frameworks",
				);
				PRODUCT_BUNDLE_IDENTIFIER = "--.douyuTests";
				PRODUCT_NAME = "$(TARGET_NAME)";
				SWIFT_VERSION = 4.2;
				TARGETED_DEVICE_FAMILY = "1,2";
				TEST_HOST = "$(BUILT_PRODUCTS_DIR)/douyu.app/douyu";
			};
			name = Release;
		};
		9A18953421DF3FA200743FD1 /* Debug */ = {
			isa = XCBuildConfiguration;
			buildSettings = {
				ALWAYS_EMBED_SWIFT_STANDARD_LIBRARIES = YES;
				CODE_SIGN_STYLE = Automatic;
				INFOPLIST_FILE = douyuUITests/Info.plist;
				LD_RUNPATH_SEARCH_PATHS = (
					"$(inherited)",
					"@executable_path/Frameworks",
					"@loader_path/Frameworks",
				);
				PRODUCT_BUNDLE_IDENTIFIER = "--.douyuUITests";
				PRODUCT_NAME = "$(TARGET_NAME)";
				SWIFT_VERSION = 4.2;
				TARGETED_DEVICE_FAMILY = "1,2";
				TEST_TARGET_NAME = douyu;
			};
			name = Debug;
		};
		9A18953521DF3FA200743FD1 /* Release */ = {
			isa = XCBuildConfiguration;
			buildSettings = {
				ALWAYS_EMBED_SWIFT_STANDARD_LIBRARIES = YES;
				CODE_SIGN_STYLE = Automatic;
				INFOPLIST_FILE = douyuUITests/Info.plist;
				LD_RUNPATH_SEARCH_PATHS = (
					"$(inherited)",
					"@executable_path/Frameworks",
					"@loader_path/Frameworks",
				);
				PRODUCT_BUNDLE_IDENTIFIER = "--.douyuUITests";
				PRODUCT_NAME = "$(TARGET_NAME)";
				SWIFT_VERSION = 4.2;
				TARGETED_DEVICE_FAMILY = "1,2";
				TEST_TARGET_NAME = douyu;
			};
			name = Release;
		};
/* End XCBuildConfiguration section */

/* Begin XCConfigurationList section */
		9A18950021DF3FA000743FD1 /* Build configuration list for PBXProject "douyu" */ = {
			isa = XCConfigurationList;
			buildConfigurations = (
				9A18952B21DF3FA200743FD1 /* Debug */,
				9A18952C21DF3FA200743FD1 /* Release */,
			);
			defaultConfigurationIsVisible = 0;
			defaultConfigurationName = Release;
		};
		9A18952D21DF3FA200743FD1 /* Build configuration list for PBXNativeTarget "douyu" */ = {
			isa = XCConfigurationList;
			buildConfigurations = (
				9A18952E21DF3FA200743FD1 /* Debug */,
				9A18952F21DF3FA200743FD1 /* Release */,
			);
			defaultConfigurationIsVisible = 0;
			defaultConfigurationName = Release;
		};
		9A18953021DF3FA200743FD1 /* Build configuration list for PBXNativeTarget "douyuTests" */ = {
			isa = XCConfigurationList;
			buildConfigurations = (
				9A18953121DF3FA200743FD1 /* Debug */,
				9A18953221DF3FA200743FD1 /* Release */,
			);
			defaultConfigurationIsVisible = 0;
			defaultConfigurationName = Release;
		};
		9A18953321DF3FA200743FD1 /* Build configuration list for PBXNativeTarget "douyuUITests" */ = {
			isa = XCConfigurationList;
			buildConfigurations = (
				9A18953421DF3FA200743FD1 /* Debug */,
				9A18953521DF3FA200743FD1 /* Release */,
			);
			defaultConfigurationIsVisible = 0;
			defaultConfigurationName = Release;
		};
/* End XCConfigurationList section */
	};
	rootObject = 9A1894FD21DF3FA000743FD1 /* Project object */;
}
